
Microsoft Visual Studio Solution File, Format Version 12.00
# Visual Studio Version 17
VisualStudioVersion = 17.2.32630.192
MinimumVisualStudioVersion = 10.0.40219.1
Project("{FAE04EC0-301F-11D3-BF4B-00C04F79EFBC}") = "H.R Templates 2.0", "WindowsFormsApp1\H.R Templates 2.0.csproj", "{EF093E59-18EF-4939-983A-A09F464A1234}"
EndProject
Global
	GlobalSection(SolutionConfigurationPlatforms) = preSolution
		Debug|Any CPU = Debug|Any CPU
		Release|Any CPU = Release|Any CPU
	EndGlobalSection
	GlobalSection(ProjectConfigurationPlatforms) = postSolution
		{EF093E59-18EF-4939-983A-A09F464A1234}.Debug|Any CPU.ActiveCfg = Debug|Any CPU
		{EF093E59-18EF-4939-983A-A09F464A1234}.Debug|Any CPU.Build.0 = Debug|Any CPU
		{EF093E59-18EF-4939-983A-A09F464A1234}.Release|Any CPU.ActiveCfg = Release|Any CPU
		{EF093E59-18EF-4939-983A-A09F464A1234}.Release|Any CPU.Build.0 = Release|Any CPU
	EndGlobalSection
	GlobalSection(SolutionProperties) = preSolution
		HideSolutionNode = FALSE
	EndGlobalSection
	GlobalSection(ExtensibilityGlobals) = postSolution
		SolutionGuid = {5F67B605-EB3E-4834-8E66-F88D60906999}
	EndGlobalSection
EndGlobal
